# Generated by pub
# See http://pub.dartlang.org/doc/glossary.html#lockfile

{"packages":{"dartlero":{"version":"0.0.7","source":"git","description":{"url":"git://github.com/dzenanr/dartlero.git","ref":null,"resolved-ref":"df2c2a31f59734a31a9500a33684ff85e51f90c0"}},"sqljocky":{"version":"0.4.3","source":"hosted","description":"sqljocky"},"unittest":{"version":"0.5.0+1","source":"hosted","description":"unittest"},"logging":{"version":"0.5.0+1","source":"hosted","description":"logging"},"options_file":{"version":"0.9.11","source":"hosted","description":"options_file"},"meta":{"version":"0.5.0+1","source":"hosted","description":"meta"}}}
